
Microsoft Visual Studio Solution File, Format Version 12.00
# Visual Studio Version 17
VisualStudioVersion = 17.5.002.0
MinimumVisualStudioVersion = 10.0.40219.1
Project("{9A19103F-16F7-4668-BE54-9A1E7A4F7556}") = "ChatAppExample", "ChatAppExample.csproj", "{CFB0C257-8D54-48B1-A649-35C3C2BF0709}"
EndProject
Global
	GlobalSection(SolutionConfigurationPlatforms) = preSolution
		Debug|Any CPU = Debug|Any CPU
		Release|Any CPU = Release|Any CPU
	EndGlobalSection
	GlobalSection(ProjectConfigurationPlatforms) = postSolution
		{CFB0C257-8D54-48B1-A649-35C3C2BF0709}.Debug|Any CPU.ActiveCfg = Debug|Any CPU
		{CFB0C257-8D54-48B1-A649-35C3C2BF0709}.Debug|Any CPU.Build.0 = Debug|Any CPU
		{CFB0C257-8D54-48B1-A649-35C3C2BF0709}.Release|Any CPU.ActiveCfg = Release|Any CPU
		{CFB0C257-8D54-48B1-A649-35C3C2BF0709}.Release|Any CPU.Build.0 = Release|Any CPU
	EndGlobalSection
	GlobalSection(SolutionProperties) = preSolution
		HideSolutionNode = FALSE
	EndGlobalSection
	GlobalSection(ExtensibilityGlobals) = postSolution
		SolutionGuid = {D564E619-B4CA-4D8A-8808-BA9C0049A3F7}
	EndGlobalSection
EndGlobal
